
Microsoft Visual Studio Solution File, Format Version 12.00
# Visual Studio Version 17
VisualStudioVersion = 17.1.32328.378
MinimumVisualStudioVersion = 10.0.40219.1
Project("{9A19103F-16F7-4668-BE54-9A1E7A4F7556}") = "Models", "Models\Models.csproj", "{4CCAFDBF-D486-46FD-BEB2-E5BDCCDFA996}"
EndProject
Project("{9A19103F-16F7-4668-BE54-9A1E7A4F7556}") = "Utils", "Utils\Utils.csproj", "{FF150719-C241-4D11-AD77-D79797E6BBD4}"
EndProject
Project("{2150E333-8FDC-42A3-9474-1A3956D46DE8}") = "Airplane", "Airplane", "{77CFA6BA-7868-48A8-AD3E-4690E8D1FF31}"
EndProject
Project("{9A19103F-16F7-4668-BE54-9A1E7A4F7556}") = "Airplanes.API", "Airplanes.API\Airplanes.API.csproj", "{5C458918-1371-4848-9555-874E826FB02B}"
EndProject
Project("{2150E333-8FDC-42A3-9474-1A3956D46DE8}") = "User", "User", "{51F54F28-3ADE-4220-8460-67E444A24812}"
EndProject
Project("{2150E333-8FDC-42A3-9474-1A3956D46DE8}") = "Passenger", "Passenger", "{834FFA23-4558-4F01-A39A-9FDBFDEC4B5E}"
EndProject
Project("{9A19103F-16F7-4668-BE54-9A1E7A4F7556}") = "Users.API", "Users.API\Users.API.csproj", "{D4FB33CB-A1EB-46CF-882A-F86466BFD4EC}"
EndProject
Project("{9A19103F-16F7-4668-BE54-9A1E7A4F7556}") = "Passengers.API", "Passengers.API\Passengers.API.csproj", "{5CC54E13-EEB4-4A50-AF32-D3AB104ADC75}"
EndProject
Project("{2150E333-8FDC-42A3-9474-1A3956D46DE8}") = "Airport", "Airport", "{C7E04419-CAE5-4F78-8D42-9ED72A5C5E87}"
EndProject
Project("{9A19103F-16F7-4668-BE54-9A1E7A4F7556}") = "Airports.API", "Airports.API\Airports.API.csproj", "{B77AF097-3202-4920-839E-6ECD18BEFC64}"
EndProject
Project("{2150E333-8FDC-42A3-9474-1A3956D46DE8}") = "Flight", "Flight", "{F5CFCDB1-1F71-4649-AA58-A508E3940589}"
EndProject
Project("{9A19103F-16F7-4668-BE54-9A1E7A4F7556}") = "Flights.API", "Flights.API\Flights.API.csproj", "{ADF77004-9310-4B02-9EE4-2E4161EA99B9}"
EndProject
Project("{2150E333-8FDC-42A3-9474-1A3956D46DE8}") = "BasePrice", "BasePrice", "{6E4D843C-6F15-427C-A7E5-AF579402D0A2}"
EndProject
Project("{2150E333-8FDC-42A3-9474-1A3956D46DE8}") = "TicketType", "TicketType", "{816ADEC5-EE17-464F-BA6A-2ABBFB07CF26}"
EndProject
Project("{9A19103F-16F7-4668-BE54-9A1E7A4F7556}") = "BasePrices.API", "BasePrices.API\BasePrices.API.csproj", "{C1112D6D-A4E5-4649-B363-F6FC00B3DBD3}"
EndProject
Project("{9A19103F-16F7-4668-BE54-9A1E7A4F7556}") = "TicketsTypes.API", "TicketsTypes.API\TicketsTypes.API.csproj", "{54DDCFF4-64D6-4C1E-9540-04A4CC0BB50A}"
EndProject
Project("{2150E333-8FDC-42A3-9474-1A3956D46DE8}") = "Ticket", "Ticket", "{D3F9EEA4-486D-4A15-8CFC-0C6EA75EFFDE}"
EndProject
Project("{9A19103F-16F7-4668-BE54-9A1E7A4F7556}") = "Tickets.API", "Tickets.API\Tickets.API.csproj", "{483F1B19-9F31-44FC-8B35-53383D2D74ED}"
EndProject
Project("{2150E333-8FDC-42A3-9474-1A3956D46DE8}") = "Frontend", "Frontend", "{94A8AACC-B3EB-43C7-ACA1-1426A4E6CFD4}"
EndProject
Project("{9A19103F-16F7-4668-BE54-9A1E7A4F7556}") = "FrontendMVC", "FrontendMVC\FrontendMVC.csproj", "{8D6F7D2E-19B3-4C30-A6CC-163D7834C03A}"
EndProject
Project("{2150E333-8FDC-42A3-9474-1A3956D46DE8}") = "Authentication", "Authentication", "{48047E0C-2E55-4076-A867-3A98E6063E8D}"
EndProject
Project("{9A19103F-16F7-4668-BE54-9A1E7A4F7556}") = "Authentications.API", "Authentications.API\Authentications.API.csproj", "{547905D6-C11C-418A-96F5-14F69D18C8F8}"
EndProject
Project("{FAE04EC0-301F-11D3-BF4B-00C04F79EFBC}") = "Users.Test", "Users.Test\Users.Test.csproj", "{E25D6B2C-A899-45C9-B501-27ABA5F4F52F}"
EndProject
Global
	GlobalSection(SolutionConfigurationPlatforms) = preSolution
		Debug|Any CPU = Debug|Any CPU
		Release|Any CPU = Release|Any CPU
	EndGlobalSection
	GlobalSection(ProjectConfigurationPlatforms) = postSolution
		{4CCAFDBF-D486-46FD-BEB2-E5BDCCDFA996}.Debug|Any CPU.ActiveCfg = Debug|Any CPU
		{4CCAFDBF-D486-46FD-BEB2-E5BDCCDFA996}.Debug|Any CPU.Build.0 = Debug|Any CPU
		{4CCAFDBF-D486-46FD-BEB2-E5BDCCDFA996}.Release|Any CPU.ActiveCfg = Release|Any CPU
		{4CCAFDBF-D486-46FD-BEB2-E5BDCCDFA996}.Release|Any CPU.Build.0 = Release|Any CPU
		{FF150719-C241-4D11-AD77-D79797E6BBD4}.Debug|Any CPU.ActiveCfg = Debug|Any CPU
		{FF150719-C241-4D11-AD77-D79797E6BBD4}.Debug|Any CPU.Build.0 = Debug|Any CPU
		{FF150719-C241-4D11-AD77-D79797E6BBD4}.Release|Any CPU.ActiveCfg = Release|Any CPU
		{FF150719-C241-4D11-AD77-D79797E6BBD4}.Release|Any CPU.Build.0 = Release|Any CPU
		{5C458918-1371-4848-9555-874E826FB02B}.Debug|Any CPU.ActiveCfg = Debug|Any CPU
		{5C458918-1371-4848-9555-874E826FB02B}.Debug|Any CPU.Build.0 = Debug|Any CPU
		{5C458918-1371-4848-9555-874E826FB02B}.Release|Any CPU.ActiveCfg = Release|Any CPU
		{5C458918-1371-4848-9555-874E826FB02B}.Release|Any CPU.Build.0 = Release|Any CPU
		{D4FB33CB-A1EB-46CF-882A-F86466BFD4EC}.Debug|Any CPU.ActiveCfg = Debug|Any CPU
		{D4FB33CB-A1EB-46CF-882A-F86466BFD4EC}.Debug|Any CPU.Build.0 = Debug|Any CPU
		{D4FB33CB-A1EB-46CF-882A-F86466BFD4EC}.Release|Any CPU.ActiveCfg = Release|Any CPU
		{D4FB33CB-A1EB-46CF-882A-F86466BFD4EC}.Release|Any CPU.Build.0 = Release|Any CPU
		{5CC54E13-EEB4-4A50-AF32-D3AB104ADC75}.Debug|Any CPU.ActiveCfg = Debug|Any CPU
		{5CC54E13-EEB4-4A50-AF32-D3AB104ADC75}.Debug|Any CPU.Build.0 = Debug|Any CPU
		{5CC54E13-EEB4-4A50-AF32-D3AB104ADC75}.Release|Any CPU.ActiveCfg = Release|Any CPU
		{5CC54E13-EEB4-4A50-AF32-D3AB104ADC75}.Release|Any CPU.Build.0 = Release|Any CPU
		{B77AF097-3202-4920-839E-6ECD18BEFC64}.Debug|Any CPU.ActiveCfg = Debug|Any CPU
		{B77AF097-3202-4920-839E-6ECD18BEFC64}.Debug|Any CPU.Build.0 = Debug|Any CPU
		{B77AF097-3202-4920-839E-6ECD18BEFC64}.Release|Any CPU.ActiveCfg = Release|Any CPU
		{B77AF097-3202-4920-839E-6ECD18BEFC64}.Release|Any CPU.Build.0 = Release|Any CPU
		{ADF77004-9310-4B02-9EE4-2E4161EA99B9}.Debug|Any CPU.ActiveCfg = Debug|Any CPU
		{ADF77004-9310-4B02-9EE4-2E4161EA99B9}.Debug|Any CPU.Build.0 = Debug|Any CPU
		{ADF77004-9310-4B02-9EE4-2E4161EA99B9}.Release|Any CPU.ActiveCfg = Release|Any CPU
		{ADF77004-9310-4B02-9EE4-2E4161EA99B9}.Release|Any CPU.Build.0 = Release|Any CPU
		{C1112D6D-A4E5-4649-B363-F6FC00B3DBD3}.Debug|Any CPU.ActiveCfg = Debug|Any CPU
		{C1112D6D-A4E5-4649-B363-F6FC00B3DBD3}.Debug|Any CPU.Build.0 = Debug|Any CPU
		{C1112D6D-A4E5-4649-B363-F6FC00B3DBD3}.Release|Any CPU.ActiveCfg = Release|Any CPU
		{C1112D6D-A4E5-4649-B363-F6FC00B3DBD3}.Release|Any CPU.Build.0 = Release|Any CPU
		{54DDCFF4-64D6-4C1E-9540-04A4CC0BB50A}.Debug|Any CPU.ActiveCfg = Debug|Any CPU
		{54DDCFF4-64D6-4C1E-9540-04A4CC0BB50A}.Debug|Any CPU.Build.0 = Debug|Any CPU
		{54DDCFF4-64D6-4C1E-9540-04A4CC0BB50A}.Release|Any CPU.ActiveCfg = Release|Any CPU
		{54DDCFF4-64D6-4C1E-9540-04A4CC0BB50A}.Release|Any CPU.Build.0 = Release|Any CPU
		{483F1B19-9F31-44FC-8B35-53383D2D74ED}.Debug|Any CPU.ActiveCfg = Debug|Any CPU
		{483F1B19-9F31-44FC-8B35-53383D2D74ED}.Debug|Any CPU.Build.0 = Debug|Any CPU
		{483F1B19-9F31-44FC-8B35-53383D2D74ED}.Release|Any CPU.ActiveCfg = Release|Any CPU
		{483F1B19-9F31-44FC-8B35-53383D2D74ED}.Release|Any CPU.Build.0 = Release|Any CPU
		{8D6F7D2E-19B3-4C30-A6CC-163D7834C03A}.Debug|Any CPU.ActiveCfg = Debug|Any CPU
		{8D6F7D2E-19B3-4C30-A6CC-163D7834C03A}.Debug|Any CPU.Build.0 = Debug|Any CPU
		{8D6F7D2E-19B3-4C30-A6CC-163D7834C03A}.Release|Any CPU.ActiveCfg = Release|Any CPU
		{8D6F7D2E-19B3-4C30-A6CC-163D7834C03A}.Release|Any CPU.Build.0 = Release|Any CPU
		{547905D6-C11C-418A-96F5-14F69D18C8F8}.Debug|Any CPU.ActiveCfg = Debug|Any CPU
		{547905D6-C11C-418A-96F5-14F69D18C8F8}.Debug|Any CPU.Build.0 = Debug|Any CPU
		{547905D6-C11C-418A-96F5-14F69D18C8F8}.Release|Any CPU.ActiveCfg = Release|Any CPU
		{547905D6-C11C-418A-96F5-14F69D18C8F8}.Release|Any CPU.Build.0 = Release|Any CPU
		{E25D6B2C-A899-45C9-B501-27ABA5F4F52F}.Debug|Any CPU.ActiveCfg = Debug|Any CPU
		{E25D6B2C-A899-45C9-B501-27ABA5F4F52F}.Debug|Any CPU.Build.0 = Debug|Any CPU
		{E25D6B2C-A899-45C9-B501-27ABA5F4F52F}.Release|Any CPU.ActiveCfg = Release|Any CPU
		{E25D6B2C-A899-45C9-B501-27ABA5F4F52F}.Release|Any CPU.Build.0 = Release|Any CPU
	EndGlobalSection
	GlobalSection(SolutionProperties) = preSolution
		HideSolutionNode = FALSE
	EndGlobalSection
	GlobalSection(NestedProjects) = preSolution
		{5C458918-1371-4848-9555-874E826FB02B} = {77CFA6BA-7868-48A8-AD3E-4690E8D1FF31}
		{D4FB33CB-A1EB-46CF-882A-F86466BFD4EC} = {51F54F28-3ADE-4220-8460-67E444A24812}
		{5CC54E13-EEB4-4A50-AF32-D3AB104ADC75} = {834FFA23-4558-4F01-A39A-9FDBFDEC4B5E}
		{B77AF097-3202-4920-839E-6ECD18BEFC64} = {C7E04419-CAE5-4F78-8D42-9ED72A5C5E87}
		{ADF77004-9310-4B02-9EE4-2E4161EA99B9} = {F5CFCDB1-1F71-4649-AA58-A508E3940589}
		{C1112D6D-A4E5-4649-B363-F6FC00B3DBD3} = {6E4D843C-6F15-427C-A7E5-AF579402D0A2}
		{54DDCFF4-64D6-4C1E-9540-04A4CC0BB50A} = {816ADEC5-EE17-464F-BA6A-2ABBFB07CF26}
		{483F1B19-9F31-44FC-8B35-53383D2D74ED} = {D3F9EEA4-486D-4A15-8CFC-0C6EA75EFFDE}
		{8D6F7D2E-19B3-4C30-A6CC-163D7834C03A} = {94A8AACC-B3EB-43C7-ACA1-1426A4E6CFD4}
		{547905D6-C11C-418A-96F5-14F69D18C8F8} = {48047E0C-2E55-4076-A867-3A98E6063E8D}
		{E25D6B2C-A899-45C9-B501-27ABA5F4F52F} = {51F54F28-3ADE-4220-8460-67E444A24812}
	EndGlobalSection
	GlobalSection(ExtensibilityGlobals) = postSolution
		SolutionGuid = {D3CB0666-EA3B-46AD-AF2A-727BE1C786C0}
	EndGlobalSection
EndGlobal
